
Microsoft Visual Studio Solution File, Format Version 12.00
# Visual Studio 2012
Project("{FAE04EC0-301F-11D3-BF4B-00C04F79EFBC}") = "Excursion", "Excursion\Excursion.csproj", "{F295360A-57A3-46A6-926F-5E6CDB5EAE6B}"
EndProject
Global
	GlobalSection(SolutionConfigurationPlatforms) = preSolution
		Debug|Any CPU = Debug|Any CPU
		Release|Any CPU = Release|Any CPU
	EndGlobalSection
	GlobalSection(ProjectConfigurationPlatforms) = postSolution
		{F295360A-57A3-46A6-926F-5E6CDB5EAE6B}.Debug|Any CPU.ActiveCfg = Debug|Any CPU
		{F295360A-57A3-46A6-926F-5E6CDB5EAE6B}.Debug|Any CPU.Build.0 = Debug|Any CPU
		{F295360A-57A3-46A6-926F-5E6CDB5EAE6B}.Release|Any CPU.ActiveCfg = Release|Any CPU
		{F295360A-57A3-46A6-926F-5E6CDB5EAE6B}.Release|Any CPU.Build.0 = Release|Any CPU
	EndGlobalSection
	GlobalSection(SolutionProperties) = preSolution
		HideSolutionNode = FALSE
	EndGlobalSection
EndGlobal
